# THIS IS AN AUTOGENERATED FILE. DO NOT EDIT THIS FILE DIRECTLY.
# yarn lockfile v1


"@types/gapi.auth2@^0.0.31":
  version "0.0.31"
  resolved "https://registry.yarnpkg.com/@types/gapi.auth2/-/gapi.auth2-0.0.31.tgz#3f917f99c1f18e0bf4e478214d8304ffad1c5def"
  dependencies:
    "@types/gapi" "*"

"@types/gapi@*":
  version "0.0.35"
  resolved "https://registry.yarnpkg.com/@types/gapi/-/gapi-0.0.35.tgz#8e0d672d66d8c6ce8493f5e8e550344f7ff500dc"

angular-google-signin@^0.1.5:
  version "0.1.5"
  resolved "https://registry.yarnpkg.com/angular-google-signin/-/angular-google-signin-0.1.5.tgz#5506cc59e4c245620eb090e83869c7f4ca17513c"
  dependencies:
    "@types/gapi.auth2" "^0.0.31"
